
Microsoft Visual Studio Solution File, Format Version 12.00
# Visual Studio Version 17
VisualStudioVersion = 17.10.35122.118
MinimumVisualStudioVersion = 10.0.40219.1
Project("{9A19103F-16F7-4668-BE54-9A1E7A4F7556}") = "DotNetMastery", "DotNetMastery\DotNetMastery.csproj", "{530AAE55-5F37-4580-BAE5-E2A409852BEF}"
EndProject
Project("{9A19103F-16F7-4668-BE54-9A1E7A4F7556}") = "DotNetMasteryRazor_Temp", "DotNetMasteryRazor_Temp\DotNetMasteryRazor_Temp.csproj", "{C25BDC67-D5B1-4CBB-AAF0-DC333D27C11E}"
EndProject
Global
	GlobalSection(SolutionConfigurationPlatforms) = preSolution
		Debug|Any CPU = Debug|Any CPU
		Release|Any CPU = Release|Any CPU
	EndGlobalSection
	GlobalSection(ProjectConfigurationPlatforms) = postSolution
		{530AAE55-5F37-4580-BAE5-E2A409852BEF}.Debug|Any CPU.ActiveCfg = Debug|Any CPU
		{530AAE55-5F37-4580-BAE5-E2A409852BEF}.Debug|Any CPU.Build.0 = Debug|Any CPU
		{530AAE55-5F37-4580-BAE5-E2A409852BEF}.Release|Any CPU.ActiveCfg = Release|Any CPU
		{530AAE55-5F37-4580-BAE5-E2A409852BEF}.Release|Any CPU.Build.0 = Release|Any CPU
		{C25BDC67-D5B1-4CBB-AAF0-DC333D27C11E}.Debug|Any CPU.ActiveCfg = Debug|Any CPU
		{C25BDC67-D5B1-4CBB-AAF0-DC333D27C11E}.Debug|Any CPU.Build.0 = Debug|Any CPU
		{C25BDC67-D5B1-4CBB-AAF0-DC333D27C11E}.Release|Any CPU.ActiveCfg = Release|Any CPU
		{C25BDC67-D5B1-4CBB-AAF0-DC333D27C11E}.Release|Any CPU.Build.0 = Release|Any CPU
	EndGlobalSection
	GlobalSection(SolutionProperties) = preSolution
		HideSolutionNode = FALSE
	EndGlobalSection
	GlobalSection(ExtensibilityGlobals) = postSolution
		SolutionGuid = {459169DC-90A1-4316-A052-33CD94F5FEF9}
	EndGlobalSection
EndGlobal
